
Microsoft Visual Studio Solution File, Format Version 12.00
# Visual Studio Version 16
VisualStudioVersion = 16.0.30114.105
MinimumVisualStudioVersion = 10.0.40219.1
Project("{9A19103F-16F7-4668-BE54-9A1E7A4F7556}") = "KubeChat.Client", "KubeChat.Client\KubeChat.Client.csproj", "{913B4FB9-F339-4F3C-A457-EC75A0A92223}"
EndProject
Project("{FAE04EC0-301F-11D3-BF4B-00C04F79EFBC}") = "KubeChat.Server", "KubeChat.Server\KubeChat.Server.csproj", "{0D1264C0-7FAE-46CF-894C-CBC23D102801}"
EndProject
Global
	GlobalSection(SolutionConfigurationPlatforms) = preSolution
		Debug|Any CPU = Debug|Any CPU
		Release|Any CPU = Release|Any CPU
	EndGlobalSection
	GlobalSection(ProjectConfigurationPlatforms) = postSolution
		{913B4FB9-F339-4F3C-A457-EC75A0A92223}.Debug|Any CPU.ActiveCfg = Debug|Any CPU
		{913B4FB9-F339-4F3C-A457-EC75A0A92223}.Debug|Any CPU.Build.0 = Debug|Any CPU
		{913B4FB9-F339-4F3C-A457-EC75A0A92223}.Release|Any CPU.ActiveCfg = Release|Any CPU
		{913B4FB9-F339-4F3C-A457-EC75A0A92223}.Release|Any CPU.Build.0 = Release|Any CPU
		{0D1264C0-7FAE-46CF-894C-CBC23D102801}.Debug|Any CPU.ActiveCfg = Debug|Any CPU
		{0D1264C0-7FAE-46CF-894C-CBC23D102801}.Debug|Any CPU.Build.0 = Debug|Any CPU
		{0D1264C0-7FAE-46CF-894C-CBC23D102801}.Release|Any CPU.ActiveCfg = Release|Any CPU
		{0D1264C0-7FAE-46CF-894C-CBC23D102801}.Release|Any CPU.Build.0 = Release|Any CPU
	EndGlobalSection
	GlobalSection(SolutionProperties) = preSolution
		HideSolutionNode = FALSE
	EndGlobalSection
	GlobalSection(ExtensibilityGlobals) = postSolution
		SolutionGuid = {E7FEEB0F-FF9F-486D-8600-A6210F24D2AA}
	EndGlobalSection
EndGlobal
